
Microsoft Visual Studio Solution File, Format Version 12.00
# Visual Studio Version 16
VisualStudioVersion = 16.0.29519.87
MinimumVisualStudioVersion = 10.0.40219.1
Project("{FAE04EC0-301F-11D3-BF4B-00C04F79EFBC}") = "HitTheKeys", "HitTheKeys\HitTheKeys.csproj", "{9CC6F5CB-A0E8-4282-9E7B-90D088FCA209}"
EndProject
Global
	GlobalSection(SolutionConfigurationPlatforms) = preSolution
		Debug|Any CPU = Debug|Any CPU
		Release|Any CPU = Release|Any CPU
	EndGlobalSection
	GlobalSection(ProjectConfigurationPlatforms) = postSolution
		{9CC6F5CB-A0E8-4282-9E7B-90D088FCA209}.Debug|Any CPU.ActiveCfg = Debug|Any CPU
		{9CC6F5CB-A0E8-4282-9E7B-90D088FCA209}.Debug|Any CPU.Build.0 = Debug|Any CPU
		{9CC6F5CB-A0E8-4282-9E7B-90D088FCA209}.Release|Any CPU.ActiveCfg = Release|Any CPU
		{9CC6F5CB-A0E8-4282-9E7B-90D088FCA209}.Release|Any CPU.Build.0 = Release|Any CPU
	EndGlobalSection
	GlobalSection(SolutionProperties) = preSolution
		HideSolutionNode = FALSE
	EndGlobalSection
	GlobalSection(ExtensibilityGlobals) = postSolution
		SolutionGuid = {ED3B9150-8CCE-4B70-AE25-695029F8B024}
	EndGlobalSection
EndGlobal
